
Microsoft Visual Studio Solution File, Format Version 12.00
# Visual Studio 15
VisualStudioVersion = 15.0.27703.2035
MinimumVisualStudioVersion = 10.0.40219.1
Project("{9A19103F-16F7-4668-BE54-9A1E7A4F7556}") = "dnd-buddy-backend", "dnd-buddy-backend.csproj", "{E93001F6-272A-4874-8E94-711FE60E8A00}"
EndProject
Global
	GlobalSection(SolutionConfigurationPlatforms) = preSolution
		Debug|Any CPU = Debug|Any CPU
		Release|Any CPU = Release|Any CPU
	EndGlobalSection
	GlobalSection(ProjectConfigurationPlatforms) = postSolution
		{E93001F6-272A-4874-8E94-711FE60E8A00}.Debug|Any CPU.ActiveCfg = Debug|Any CPU
		{E93001F6-272A-4874-8E94-711FE60E8A00}.Debug|Any CPU.Build.0 = Debug|Any CPU
		{E93001F6-272A-4874-8E94-711FE60E8A00}.Release|Any CPU.ActiveCfg = Release|Any CPU
		{E93001F6-272A-4874-8E94-711FE60E8A00}.Release|Any CPU.Build.0 = Release|Any CPU
	EndGlobalSection
	GlobalSection(SolutionProperties) = preSolution
		HideSolutionNode = FALSE
	EndGlobalSection
	GlobalSection(ExtensibilityGlobals) = postSolution
		SolutionGuid = {D8C438EB-5988-4A06-81B4-8529B6483527}
	EndGlobalSection
EndGlobal
